
Microsoft Visual Studio Solution File, Format Version 12.00
# Visual Studio 15
VisualStudioVersion = 15.0.28307.1209
MinimumVisualStudioVersion = 10.0.40219.1
Project("{FAE04EC0-301F-11D3-BF4B-00C04F79EFBC}") = "Easy-Scoreboard", "Easy-Scoreboard.csproj", "{8E14C5BD-56EC-42BE-9505-508DEEC0C84F}"
EndProject
Global
	GlobalSection(SolutionConfigurationPlatforms) = preSolution
		Debug|Any CPU = Debug|Any CPU
		Release|Any CPU = Release|Any CPU
	EndGlobalSection
	GlobalSection(ProjectConfigurationPlatforms) = postSolution
		{8E14C5BD-56EC-42BE-9505-508DEEC0C84F}.Debug|Any CPU.ActiveCfg = Debug|Any CPU
		{8E14C5BD-56EC-42BE-9505-508DEEC0C84F}.Debug|Any CPU.Build.0 = Debug|Any CPU
		{8E14C5BD-56EC-42BE-9505-508DEEC0C84F}.Release|Any CPU.ActiveCfg = Release|Any CPU
		{8E14C5BD-56EC-42BE-9505-508DEEC0C84F}.Release|Any CPU.Build.0 = Release|Any CPU
	EndGlobalSection
	GlobalSection(SolutionProperties) = preSolution
		HideSolutionNode = FALSE
	EndGlobalSection
	GlobalSection(ExtensibilityGlobals) = postSolution
		SolutionGuid = {E219C327-EB6D-40ED-8439-2EB589F39339}
	EndGlobalSection
EndGlobal
